
Microsoft Visual Studio Solution File, Format Version 12.00
# Visual Studio 15
VisualStudioVersion = 15.0.28307.705
MinimumVisualStudioVersion = 10.0.40219.1
Project("{E24C65DC-7377-472B-9ABA-BC803B73C61A}") = "BmWeb", ".", "{7C256033-670D-423B-994E-CCB9F68509F3}"
	ProjectSection(WebsiteProperties) = preProject
		TargetFrameworkMoniker = ".NETFramework,Version%3Dv4.7.2"
		Debug.AspNetCompiler.VirtualPath = "/localhost_55965"
		Debug.AspNetCompiler.PhysicalPath = "..\BmWeb\"
		Debug.AspNetCompiler.TargetPath = "PrecompiledWeb\localhost_55965\"
		Debug.AspNetCompiler.Updateable = "true"
		Debug.AspNetCompiler.ForceOverwrite = "true"
		Debug.AspNetCompiler.FixedNames = "false"
		Debug.AspNetCompiler.Debug = "True"
		Release.AspNetCompiler.VirtualPath = "/localhost_55965"
		Release.AspNetCompiler.PhysicalPath = "..\BmWeb\"
		Release.AspNetCompiler.TargetPath = "PrecompiledWeb\localhost_55965\"
		Release.AspNetCompiler.Updateable = "true"
		Release.AspNetCompiler.ForceOverwrite = "true"
		Release.AspNetCompiler.FixedNames = "false"
		Release.AspNetCompiler.Debug = "False"
		VWDPort = "55965"
		SlnRelativePath = "..\BmWeb\"
	EndProjectSection
EndProject
Global
	GlobalSection(SolutionConfigurationPlatforms) = preSolution
		Debug|Any CPU = Debug|Any CPU
	EndGlobalSection
	GlobalSection(ProjectConfigurationPlatforms) = postSolution
		{7C256033-670D-423B-994E-CCB9F68509F3}.Debug|Any CPU.ActiveCfg = Debug|Any CPU
		{7C256033-670D-423B-994E-CCB9F68509F3}.Debug|Any CPU.Build.0 = Debug|Any CPU
	EndGlobalSection
	GlobalSection(SolutionProperties) = preSolution
		HideSolutionNode = FALSE
	EndGlobalSection
	GlobalSection(ExtensibilityGlobals) = postSolution
		SolutionGuid = {87617B6A-0200-48C5-9D68-89D1A176BEE0}
	EndGlobalSection
EndGlobal
